
Microsoft Visual Studio Solution File, Format Version 12.00
# Visual Studio Version 17
VisualStudioVersion = 17.8.34004.107
MinimumVisualStudioVersion = 10.0.40219.1
Project("{9A19103F-16F7-4668-BE54-9A1E7A4F7556}") = "EntityFrameworkCore.Data", "EntityFrameworkCore.Data\EntityFrameworkCore.Data.csproj", "{700A1C4E-00F7-48D1-9EC3-9875FC2932C5}"
EndProject
Project("{9A19103F-16F7-4668-BE54-9A1E7A4F7556}") = "EntityFrameworkCore.Domain", "EntityFrameworkCore.Domain\EntityFrameworkCore.Domain.csproj", "{23B2430F-75B1-43D1-9DFC-34191E8F0C4B}"
EndProject
Project("{9A19103F-16F7-4668-BE54-9A1E7A4F7556}") = "EntityFrameworkCore.Console", "EntityFrameworkCore.Console\EntityFrameworkCore.Console.csproj", "{CD5EAB66-5F59-4473-9D1C-687528B2B820}"
EndProject
Project("{9A19103F-16F7-4668-BE54-9A1E7A4F7556}") = "EntityFrameworkCore.Api", "EntityFrameworkCore.Api\EntityFrameworkCore.Api.csproj", "{323990F6-401C-4167-9454-2F27014F769D}"
EndProject
Global
	GlobalSection(SolutionConfigurationPlatforms) = preSolution
		Debug|Any CPU = Debug|Any CPU
		Release|Any CPU = Release|Any CPU
	EndGlobalSection
	GlobalSection(ProjectConfigurationPlatforms) = postSolution
		{700A1C4E-00F7-48D1-9EC3-9875FC2932C5}.Debug|Any CPU.ActiveCfg = Debug|Any CPU
		{700A1C4E-00F7-48D1-9EC3-9875FC2932C5}.Debug|Any CPU.Build.0 = Debug|Any CPU
		{700A1C4E-00F7-48D1-9EC3-9875FC2932C5}.Release|Any CPU.ActiveCfg = Release|Any CPU
		{700A1C4E-00F7-48D1-9EC3-9875FC2932C5}.Release|Any CPU.Build.0 = Release|Any CPU
		{23B2430F-75B1-43D1-9DFC-34191E8F0C4B}.Debug|Any CPU.ActiveCfg = Debug|Any CPU
		{23B2430F-75B1-43D1-9DFC-34191E8F0C4B}.Debug|Any CPU.Build.0 = Debug|Any CPU
		{23B2430F-75B1-43D1-9DFC-34191E8F0C4B}.Release|Any CPU.ActiveCfg = Release|Any CPU
		{23B2430F-75B1-43D1-9DFC-34191E8F0C4B}.Release|Any CPU.Build.0 = Release|Any CPU
		{CD5EAB66-5F59-4473-9D1C-687528B2B820}.Debug|Any CPU.ActiveCfg = Debug|Any CPU
		{CD5EAB66-5F59-4473-9D1C-687528B2B820}.Debug|Any CPU.Build.0 = Debug|Any CPU
		{CD5EAB66-5F59-4473-9D1C-687528B2B820}.Release|Any CPU.ActiveCfg = Release|Any CPU
		{CD5EAB66-5F59-4473-9D1C-687528B2B820}.Release|Any CPU.Build.0 = Release|Any CPU
		{323990F6-401C-4167-9454-2F27014F769D}.Debug|Any CPU.ActiveCfg = Debug|Any CPU
		{323990F6-401C-4167-9454-2F27014F769D}.Debug|Any CPU.Build.0 = Debug|Any CPU
		{323990F6-401C-4167-9454-2F27014F769D}.Release|Any CPU.ActiveCfg = Release|Any CPU
		{323990F6-401C-4167-9454-2F27014F769D}.Release|Any CPU.Build.0 = Release|Any CPU
	EndGlobalSection
	GlobalSection(SolutionProperties) = preSolution
		HideSolutionNode = FALSE
	EndGlobalSection
	GlobalSection(ExtensibilityGlobals) = postSolution
		SolutionGuid = {BC40D54E-314D-48DE-9BBB-D7DE292B4056}
	EndGlobalSection
EndGlobal
